
Microsoft Visual Studio Solution File, Format Version 12.00
# Visual Studio Version 16
VisualStudioVersion = 16.0.30711.63
MinimumVisualStudioVersion = 10.0.40219.1
Project("{9A19103F-16F7-4668-BE54-9A1E7A4F7556}") = "IdentityDemo", "IdentityDemo\IdentityDemo.csproj", "{AEA89B28-1229-4FFD-B02B-C0D4C0ACAA1D}"
EndProject
Project("{2150E333-8FDC-42A3-9474-1A3956D46DE8}") = "Solution Items", "Solution Items", "{370E700C-AE4E-4B59-A670-4037B3196980}"
	ProjectSection(SolutionItems) = preProject
		Readme.txt = Readme.txt
	EndProjectSection
EndProject
Global
	GlobalSection(SolutionConfigurationPlatforms) = preSolution
		Debug|Any CPU = Debug|Any CPU
		Release|Any CPU = Release|Any CPU
	EndGlobalSection
	GlobalSection(ProjectConfigurationPlatforms) = postSolution
		{AEA89B28-1229-4FFD-B02B-C0D4C0ACAA1D}.Debug|Any CPU.ActiveCfg = Debug|Any CPU
		{AEA89B28-1229-4FFD-B02B-C0D4C0ACAA1D}.Debug|Any CPU.Build.0 = Debug|Any CPU
		{AEA89B28-1229-4FFD-B02B-C0D4C0ACAA1D}.Release|Any CPU.ActiveCfg = Release|Any CPU
		{AEA89B28-1229-4FFD-B02B-C0D4C0ACAA1D}.Release|Any CPU.Build.0 = Release|Any CPU
	EndGlobalSection
	GlobalSection(SolutionProperties) = preSolution
		HideSolutionNode = FALSE
	EndGlobalSection
	GlobalSection(ExtensibilityGlobals) = postSolution
		SolutionGuid = {C76030F2-A989-4464-9502-9C80302A838D}
	EndGlobalSection
EndGlobal
